
Microsoft Visual Studio Solution File, Format Version 12.00
Project("{FAE04EC0-301F-11D3-BF4B-00C04F79EFBC}") = "Server", "Server.csproj", "{D5E47BAD-AE56-497D-830D-CC45B1E8DBCE}"
EndProject
Project("{FAE04EC0-301F-11D3-BF4B-00C04F79EFBC}") = "Model", "..\Model\Model.csproj", "{4E753554-925A-4F4E-8C1F-75CEEF4867A6}"
EndProject
Global
	GlobalSection(SolutionConfigurationPlatforms) = preSolution
		Debug|Any CPU = Debug|Any CPU
		Release|Any CPU = Release|Any CPU
	EndGlobalSection
	GlobalSection(ProjectConfigurationPlatforms) = postSolution
		{D5E47BAD-AE56-497D-830D-CC45B1E8DBCE}.Debug|Any CPU.ActiveCfg = Debug|Any CPU
		{D5E47BAD-AE56-497D-830D-CC45B1E8DBCE}.Debug|Any CPU.Build.0 = Debug|Any CPU
		{D5E47BAD-AE56-497D-830D-CC45B1E8DBCE}.Release|Any CPU.ActiveCfg = Release|Any CPU
		{D5E47BAD-AE56-497D-830D-CC45B1E8DBCE}.Release|Any CPU.Build.0 = Release|Any CPU
		{4E753554-925A-4F4E-8C1F-75CEEF4867A6}.Debug|Any CPU.ActiveCfg = Debug|Any CPU
		{4E753554-925A-4F4E-8C1F-75CEEF4867A6}.Debug|Any CPU.Build.0 = Debug|Any CPU
		{4E753554-925A-4F4E-8C1F-75CEEF4867A6}.Release|Any CPU.ActiveCfg = Release|Any CPU
		{4E753554-925A-4F4E-8C1F-75CEEF4867A6}.Release|Any CPU.Build.0 = Release|Any CPU
	EndGlobalSection
EndGlobal
